// !$*UTF8*$!
{
	archiveVersion = 1;
	classes = {
	};
	objectVersion = 56;
	objects = {

/* Begin PBXBuildFile section */
		93086C2E2C223D4300474DFF /* SignUpView.swift in Sources */ = {isa = PBXBuildFile; fileRef = 93086C2D2C223D4300474DFF /* SignUpView.swift */; };
		936566E72C1FAC0700E6A53D /* Montserrat-Bold.ttf in Resources */ = {isa = PBXBuildFile; fileRef = 936566E62C1FAC0700E6A53D /* Montserrat-Bold.ttf */; };
		936566E92C1FAC1100E6A53D /* Roboto-Regular.ttf in Resources */ = {isa = PBXBuildFile; fileRef = 936566E82C1FAC1100E6A53D /* Roboto-Regular.ttf */; };
		936566EB2C1FACE400E6A53D /* Montserrat-Black.ttf in Resources */ = {isa = PBXBuildFile; fileRef = 936566EA2C1FACE400E6A53D /* Montserrat-Black.ttf */; };
		938C91CE2C20AC1200F5DF62 /* LoginView.swift in Sources */ = {isa = PBXBuildFile; fileRef = 938C91CD2C20AC1200F5DF62 /* LoginView.swift */; };
		938C91D02C20B7E200F5DF62 /* Roboto-Bold.ttf in Resources */ = {isa = PBXBuildFile; fileRef = 938C91CF2C20B7E200F5DF62 /* Roboto-Bold.ttf */; };
		938C91D22C20BE7900F5DF62 /* Roboto-Medium.ttf in Resources */ = {isa = PBXBuildFile; fileRef = 938C91D12C20BE7900F5DF62 /* Roboto-Medium.ttf */; };
		93FED30C2C1F86340041146B /* GymSharkApp.swift in Sources */ = {isa = PBXBuildFile; fileRef = 93FED30B2C1F86340041146B /* GymSharkApp.swift */; };
		93FED30E2C1F86340041146B /* ContentView.swift in Sources */ = {isa = PBXBuildFile; fileRef = 93FED30D2C1F86340041146B /* ContentView.swift */; };
		93FED3102C1F86370041146B /* Assets.xcassets in Resources */ = {isa = PBXBuildFile; fileRef = 93FED30F2C1F86370041146B /* Assets.xcassets */; };
		93FED3132C1F86370041146B /* Preview Assets.xcassets in Resources */ = {isa = PBXBuildFile; fileRef = 93FED3122C1F86370041146B /* Preview Assets.xcassets */; };
		93FED31A2C1F86770041146B /* StartView.swift in Sources */ = {isa = PBXBuildFile; fileRef = 93FED3192C1F86770041146B /* StartView.swift */; };
		93FED31F2C1F907A0041146B /* BebasNeue-Regular.ttf in Resources */ = {isa = PBXBuildFile; fileRef = 93FED31E2C1F907A0041146B /* BebasNeue-Regular.ttf */; };
/* End PBXBuildFile section */

/* Begin PBXFileReference section */
		93086C2D2C223D4300474DFF /* SignUpView.swift */ = {isa = PBXFileReference; lastKnownFileType = sourcecode.swift; path = SignUpView.swift; sourceTree = "<group>"; };
		936566E62C1FAC0700E6A53D /* Montserrat-Bold.ttf */ = {isa = PBXFileReference; lastKnownFileType = file; path = "Montserrat-Bold.ttf"; sourceTree = "<group>"; };
		936566E82C1FAC1100E6A53D /* Roboto-Regular.ttf */ = {isa = PBXFileReference; lastKnownFileType = file; path = "Roboto-Regular.ttf"; sourceTree = "<group>"; };
		936566EA2C1FACE400E6A53D /* Montserrat-Black.ttf */ = {isa = PBXFileReference; lastKnownFileType = file; path = "Montserrat-Black.ttf"; sourceTree = "<group>"; };
		938C91CD2C20AC1200F5DF62 /* LoginView.swift */ = {isa = PBXFileReference; lastKnownFileType = sourcecode.swift; path = LoginView.swift; sourceTree = "<group>"; };
		938C91CF2C20B7E200F5DF62 /* Roboto-Bold.ttf */ = {isa = PBXFileReference; lastKnownFileType = file; path = "Roboto-Bold.ttf"; sourceTree = "<group>"; };
		938C91D12C20BE7900F5DF62 /* Roboto-Medium.ttf */ = {isa = PBXFileReference; lastKnownFileType = file; path = "Roboto-Medium.ttf"; sourceTree = "<group>"; };
		93FED3082C1F86340041146B /* GymShark.app */ = {isa = PBXFileReference; explicitFileType = wrapper.application; includeInIndex = 0; path = GymShark.app; sourceTree = BUILT_PRODUCTS_DIR; };
		93FED30B2C1F86340041146B /* GymSharkApp.swift */ = {isa = PBXFileReference; lastKnownFileType = sourcecode.swift; path = GymSharkApp.swift; sourceTree = "<group>"; };
		93FED30D2C1F86340041146B /* ContentView.swift */ = {isa = PBXFileReference; lastKnownFileType = sourcecode.swift; path = ContentView.swift; sourceTree = "<group>"; };
		93FED30F2C1F86370041146B /* Assets.xcassets */ = {isa = PBXFileReference; lastKnownFileType = folder.assetcatalog; path = Assets.xcassets; sourceTree = "<group>"; };
		93FED3122C1F86370041146B /* Preview Assets.xcassets */ = {isa = PBXFileReference; lastKnownFileType = folder.assetcatalog; path = "Preview Assets.xcassets"; sourceTree = "<group>"; };
		93FED3192C1F86770041146B /* StartView.swift */ = {isa = PBXFileReference; lastKnownFileType = sourcecode.swift; path = StartView.swift; sourceTree = "<group>"; };
		93FED31D2C1F8E8A0041146B /* Info.plist */ = {isa = PBXFileReference; lastKnownFileType = text.plist; path = Info.plist; sourceTree = "<group>"; };
		93FED31E2C1F907A0041146B /* BebasNeue-Regular.ttf */ = {isa = PBXFileReference; lastKnownFileType = file; path = "BebasNeue-Regular.ttf"; sourceTree = "<group>"; };
/* End PBXFileReference section */

/* Begin PBXFrameworksBuildPhase section */
		93FED3052C1F86340041146B /* Frameworks */ = {
			isa = PBXFrameworksBuildPhase;
			buildActionMask = 2147483647;
			files = (
			);
			runOnlyForDeploymentPostprocessing = 0;
		};
/* End PBXFrameworksBuildPhase section */

/* Begin PBXGroup section */
		93FED2FF2C1F86340041146B = {
			isa = PBXGroup;
			children = (
				93FED30A2C1F86340041146B /* GymShark */,
				93FED3092C1F86340041146B /* Products */,
			);
			sourceTree = "<group>";
		};
		93FED3092C1F86340041146B /* Products */ = {
			isa = PBXGroup;
			children = (
				93FED3082C1F86340041146B /* GymShark.app */,
			);
			name = Products;
			sourceTree = "<group>";
		};
		93FED30A2C1F86340041146B /* GymShark */ = {
			isa = PBXGroup;
			children = (
				93FED3252C1F97E80041146B /* Shared */,
				93FED31D2C1F8E8A0041146B /* Info.plist */,
				93FED30B2C1F86340041146B /* GymSharkApp.swift */,
				93FED30D2C1F86340041146B /* ContentView.swift */,
				93FED3192C1F86770041146B /* StartView.swift */,
				938C91CD2C20AC1200F5DF62 /* LoginView.swift */,
				93086C2D2C223D4300474DFF /* SignUpView.swift */,
				93FED30F2C1F86370041146B /* Assets.xcassets */,
				93FED3112C1F86370041146B /* Preview Content */,
			);
			path = GymShark;
			sourceTree = "<group>";
		};
		93FED3112C1F86370041146B /* Preview Content */ = {
			isa = PBXGroup;
			children = (
				93FED3122C1F86370041146B /* Preview Assets.xcassets */,
			);
			path = "Preview Content";
			sourceTree = "<group>";
		};
		93FED3252C1F97E80041146B /* Shared */ = {
			isa = PBXGroup;
			children = (
				938C91D12C20BE7900F5DF62 /* Roboto-Medium.ttf */,
				938C91CF2C20B7E200F5DF62 /* Roboto-Bold.ttf */,
				936566EA2C1FACE400E6A53D /* Montserrat-Black.ttf */,
				936566E82C1FAC1100E6A53D /* Roboto-Regular.ttf */,
				936566E62C1FAC0700E6A53D /* Montserrat-Bold.ttf */,
				93FED31E2C1F907A0041146B /* BebasNeue-Regular.ttf */,
			);
			path = Shared;
			sourceTree = "<group>";
		};
/* End PBXGroup section */

/* Begin PBXNativeTarget section */
		93FED3072C1F86340041146B /* GymShark */ = {
			isa = PBXNativeTarget;
			buildConfigurationList = 93FED3162C1F86370041146B /* Build configuration list for PBXNativeTarget "GymShark" */;
			buildPhases = (
				93FED3042C1F86340041146B /* Sources */,
				93FED3052C1F86340041146B /* Frameworks */,
				93FED3062C1F86340041146B /* Resources */,
			);
			buildRules = (
			);
			dependencies = (
			);
			name = GymShark;
			productName = GymShark;
			productReference = 93FED3082C1F86340041146B /* GymShark.app */;
			productType = "com.apple.product-type.application";
		};
/* End PBXNativeTarget section */

/* Begin PBXProject section */
		93FED3002C1F86340041146B /* Project object */ = {
			isa = PBXProject;
			attributes = {
				BuildIndependentTargetsInParallel = 1;
				LastSwiftUpdateCheck = 1540;
				LastUpgradeCheck = 1540;
				TargetAttributes = {
					93FED3072C1F86340041146B = {
						CreatedOnToolsVersion = 15.4;
					};
				};
			};
			buildConfigurationList = 93FED3032C1F86340041146B /* Build configuration list for PBXProject "GymShark" */;
			compatibilityVersion = "Xcode 14.0";
			developmentRegion = en;
			hasScannedForEncodings = 0;
			knownRegions = (
				en,
				Base,
			);
			mainGroup = 93FED2FF2C1F86340041146B;
			productRefGroup = 93FED3092C1F86340041146B /* Products */;
			projectDirPath = "";
			projectRoot = "";
			targets = (
				93FED3072C1F86340041146B /* GymShark */,
			);
		};
/* End PBXProject section */

/* Begin PBXResourcesBuildPhase section */
		93FED3062C1F86340041146B /* Resources */ = {
			isa = PBXResourcesBuildPhase;
			buildActionMask = 2147483647;
			files = (
				938C91D22C20BE7900F5DF62 /* Roboto-Medium.ttf in Resources */,
				938C91D02C20B7E200F5DF62 /* Roboto-Bold.ttf in Resources */,
				936566E72C1FAC0700E6A53D /* Montserrat-Bold.ttf in Resources */,
				93FED3132C1F86370041146B /* Preview Assets.xcassets in Resources */,
				936566E92C1FAC1100E6A53D /* Roboto-Regular.ttf in Resources */,
				93FED31F2C1F907A0041146B /* BebasNeue-Regular.ttf in Resources */,
				93FED3102C1F86370041146B /* Assets.xcassets in Resources */,
				936566EB2C1FACE400E6A53D /* Montserrat-Black.ttf in Resources */,
			);
			runOnlyForDeploymentPostprocessing = 0;
		};
/* End PBXResourcesBuildPhase section */

/* Begin PBXSourcesBuildPhase section */
		93FED3042C1F86340041146B /* Sources */ = {
			isa = PBXSourcesBuildPhase;
			buildActionMask = 2147483647;
			files = (
				93FED31A2C1F86770041146B /* StartView.swift in Sources */,
				93086C2E2C223D4300474DFF /* SignUpView.swift in Sources */,
				93FED30E2C1F86340041146B /* ContentView.swift in Sources */,
				938C91CE2C20AC1200F5DF62 /* LoginView.swift in Sources */,
				93FED30C2C1F86340041146B /* GymSharkApp.swift in Sources */,
			);
			runOnlyForDeploymentPostprocessing = 0;
		};
/* End PBXSourcesBuildPhase section */

/* Begin XCBuildConfiguration section */
		93FED3142C1F86370041146B /* Debug */ = {
			isa = XCBuildConfiguration;
			buildSettings = {
				ALWAYS_SEARCH_USER_PATHS = NO;
				ASSETCATALOG_COMPILER_GENERATE_SWIFT_ASSET_SYMBOL_EXTENSIONS = YES;
				CLANG_ANALYZER_NONNULL = YES;
				CLANG_ANALYZER_NUMBER_OBJECT_CONVERSION = YES_AGGRESSIVE;
				CLANG_CXX_LANGUAGE_STANDARD = "gnu++20";
				CLANG_ENABLE_MODULES = YES;
				CLANG_ENABLE_OBJC_ARC = YES;
				CLANG_ENABLE_OBJC_WEAK = YES;
				CLANG_WARN_BLOCK_CAPTURE_AUTORELEASING = YES;
				CLANG_WARN_BOOL_CONVERSION = YES;
				CLANG_WARN_COMMA = YES;
				CLANG_WARN_CONSTANT_CONVERSION = YES;
				CLANG_WARN_DEPRECATED_OBJC_IMPLEMENTATIONS = YES;
				CLANG_WARN_DIRECT_OBJC_ISA_USAGE = YES_ERROR;
				CLANG_WARN_DOCUMENTATION_COMMENTS = YES;
				CLANG_WARN_EMPTY_BODY = YES;
				CLANG_WARN_ENUM_CONVERSION = YES;
				CLANG_WARN_INFINITE_RECURSION = YES;
				CLANG_WARN_INT_CONVERSION = YES;
				CLANG_WARN_NON_LITERAL_NULL_CONVERSION = YES;
				CLANG_WARN_OBJC_IMPLICIT_RETAIN_SELF = YES;
				CLANG_WARN_OBJC_LITERAL_CONVERSION = YES;
				CLANG_WARN_OBJC_ROOT_CLASS = YES_ERROR;
				CLANG_WARN_QUOTED_INCLUDE_IN_FRAMEWORK_HEADER = YES;
				CLANG_WARN_RANGE_LOOP_ANALYSIS = YES;
				CLANG_WARN_STRICT_PROTOTYPES = YES;
				CLANG_WARN_SUSPICIOUS_MOVE = YES;
				CLANG_WARN_UNGUARDED_AVAILABILITY = YES_AGGRESSIVE;
				CLANG_WARN_UNREACHABLE_CODE = YES;
				CLANG_WARN__DUPLICATE_METHOD_MATCH = YES;
				COPY_PHASE_STRIP = NO;
				DEBUG_INFORMATION_FORMAT = dwarf;
				ENABLE_STRICT_OBJC_MSGSEND = YES;
				ENABLE_TESTABILITY = YES;
				ENABLE_USER_SCRIPT_SANDBOXING = YES;
				GCC_C_LANGUAGE_STANDARD = gnu17;
				GCC_DYNAMIC_NO_PIC = NO;
				GCC_NO_COMMON_BLOCKS = YES;
				GCC_OPTIMIZATION_LEVEL = 0;
				GCC_PREPROCESSOR_DEFINITIONS = (
					"DEBUG=1",
					"$(inherited)",
				);
				GCC_WARN_64_TO_32_BIT_CONVERSION = YES;
				GCC_WARN_ABOUT_RETURN_TYPE = YES_ERROR;
				GCC_WARN_UNDECLARED_SELECTOR = YES;
				GCC_WARN_UNINITIALIZED_AUTOS = YES_AGGRESSIVE;
				GCC_WARN_UNUSED_FUNCTION = YES;
				GCC_WARN_UNUSED_VARIABLE = YES;
				IPHONEOS_DEPLOYMENT_TARGET = 17.5;
				LOCALIZATION_PREFERS_STRING_CATALOGS = YES;
				MTL_ENABLE_DEBUG_INFO = INCLUDE_SOURCE;
				MTL_FAST_MATH = YES;
				ONLY_ACTIVE_ARCH = YES;
				SDKROOT = iphoneos;
				SWIFT_ACTIVE_COMPILATION_CONDITIONS = "DEBUG $(inherited)";
				SWIFT_OPTIMIZATION_LEVEL = "-Onone";
			};
			name = Debug;
		};
		93FED3152C1F86370041146B /* Release */ = {
			isa = XCBuildConfiguration;
			buildSettings = {
				ALWAYS_SEARCH_USER_PATHS = NO;
				ASSETCATALOG_COMPILER_GENERATE_SWIFT_ASSET_SYMBOL_EXTENSIONS = YES;
				CLANG_ANALYZER_NONNULL = YES;
				CLANG_ANALYZER_NUMBER_OBJECT_CONVERSION = YES_AGGRESSIVE;
				CLANG_CXX_LANGUAGE_STANDARD = "gnu++20";
				CLANG_ENABLE_MODULES = YES;
				CLANG_ENABLE_OBJC_ARC = YES;
				CLANG_ENABLE_OBJC_WEAK = YES;
				CLANG_WARN_BLOCK_CAPTURE_AUTORELEASING = YES;
				CLANG_WARN_BOOL_CONVERSION = YES;
				CLANG_WARN_COMMA = YES;
				CLANG_WARN_CONSTANT_CONVERSION = YES;
				CLANG_WARN_DEPRECATED_OBJC_IMPLEMENTATIONS = YES;
				CLANG_WARN_DIRECT_OBJC_ISA_USAGE = YES_ERROR;
				CLANG_WARN_DOCUMENTATION_COMMENTS = YES;
				CLANG_WARN_EMPTY_BODY = YES;
				CLANG_WARN_ENUM_CONVERSION = YES;
				CLANG_WARN_INFINITE_RECURSION = YES;
				CLANG_WARN_INT_CONVERSION = YES;
				CLANG_WARN_NON_LITERAL_NULL_CONVERSION = YES;
				CLANG_WARN_OBJC_IMPLICIT_RETAIN_SELF = YES;
				CLANG_WARN_OBJC_LITERAL_CONVERSION = YES;
				CLANG_WARN_OBJC_ROOT_CLASS = YES_ERROR;
				CLANG_WARN_QUOTED_INCLUDE_IN_FRAMEWORK_HEADER = YES;
				CLANG_WARN_RANGE_LOOP_ANALYSIS = YES;
				CLANG_WARN_STRICT_PROTOTYPES = YES;
				CLANG_WARN_SUSPICIOUS_MOVE = YES;
				CLANG_WARN_UNGUARDED_AVAILABILITY = YES_AGGRESSIVE;
				CLANG_WARN_UNREACHABLE_CODE = YES;
				CLANG_WARN__DUPLICATE_METHOD_MATCH = YES;
				COPY_PHASE_STRIP = NO;
				DEBUG_INFORMATION_FORMAT = "dwarf-with-dsym";
				ENABLE_NS_ASSERTIONS = NO;
				ENABLE_STRICT_OBJC_MSGSEND = YES;
				ENABLE_USER_SCRIPT_SANDBOXING = YES;
				GCC_C_LANGUAGE_STANDARD = gnu17;
				GCC_NO_COMMON_BLOCKS = YES;
				GCC_WARN_64_TO_32_BIT_CONVERSION = YES;
				GCC_WARN_ABOUT_RETURN_TYPE = YES_ERROR;
				GCC_WARN_UNDECLARED_SELECTOR = YES;
				GCC_WARN_UNINITIALIZED_AUTOS = YES_AGGRESSIVE;
				GCC_WARN_UNUSED_FUNCTION = YES;
				GCC_WARN_UNUSED_VARIABLE = YES;
				IPHONEOS_DEPLOYMENT_TARGET = 17.5;
				LOCALIZATION_PREFERS_STRING_CATALOGS = YES;
				MTL_ENABLE_DEBUG_INFO = NO;
				MTL_FAST_MATH = YES;
				SDKROOT = iphoneos;
				SWIFT_COMPILATION_MODE = wholemodule;
				VALIDATE_PRODUCT = YES;
			};
			name = Release;
		};
		93FED3172C1F86370041146B /* Debug */ = {
			isa = XCBuildConfiguration;
			buildSettings = {
				ASSETCATALOG_COMPILER_APPICON_NAME = AppIcon;
				ASSETCATALOG_COMPILER_GLOBAL_ACCENT_COLOR_NAME = AccentColor;
				CODE_SIGN_STYLE = Automatic;
				CURRENT_PROJECT_VERSION = 1;
				DEVELOPMENT_ASSET_PATHS = "\"GymShark/Preview Content\"";
				ENABLE_PREVIEWS = YES;
				GENERATE_INFOPLIST_FILE = YES;
				INFOPLIST_FILE = GymShark/Info.plist;
				INFOPLIST_KEY_UIApplicationSceneManifest_Generation = YES;
				INFOPLIST_KEY_UIApplicationSupportsIndirectInputEvents = YES;
				INFOPLIST_KEY_UILaunchScreen_Generation = YES;
				INFOPLIST_KEY_UISupportedInterfaceOrientations_iPad = "UIInterfaceOrientationPortrait UIInterfaceOrientationPortraitUpsideDown UIInterfaceOrientationLandscapeLeft UIInterfaceOrientationLandscapeRight";
				INFOPLIST_KEY_UISupportedInterfaceOrientations_iPhone = "UIInterfaceOrientationPortrait UIInterfaceOrientationLandscapeLeft UIInterfaceOrientationLandscapeRight";
				LD_RUNPATH_SEARCH_PATHS = (
					"$(inherited)",
					"@executable_path/Frameworks",
				);
				MARKETING_VERSION = 1.0;
				PRODUCT_BUNDLE_IDENTIFIER = co.redouanejnah.GymShark;
				PRODUCT_NAME = "$(TARGET_NAME)";
				SWIFT_EMIT_LOC_STRINGS = YES;
				SWIFT_VERSION = 5.0;
				TARGETED_DEVICE_FAMILY = "1,2";
			};
			name = Debug;
		};
		93FED3182C1F86370041146B /* Release */ = {
			isa = XCBuildConfiguration;
			buildSettings = {
				ASSETCATALOG_COMPILER_APPICON_NAME = AppIcon;
				ASSETCATALOG_COMPILER_GLOBAL_ACCENT_COLOR_NAME = AccentColor;
				CODE_SIGN_STYLE = Automatic;
				CURRENT_PROJECT_VERSION = 1;
				DEVELOPMENT_ASSET_PATHS = "\"GymShark/Preview Content\"";
				ENABLE_PREVIEWS = YES;
				GENERATE_INFOPLIST_FILE = YES;
				INFOPLIST_FILE = GymShark/Info.plist;
				INFOPLIST_KEY_UIApplicationSceneManifest_Generation = YES;
				INFOPLIST_KEY_UIApplicationSupportsIndirectInputEvents = YES;
				INFOPLIST_KEY_UILaunchScreen_Generation = YES;
				INFOPLIST_KEY_UISupportedInterfaceOrientations_iPad = "UIInterfaceOrientationPortrait UIInterfaceOrientationPortraitUpsideDown UIInterfaceOrientationLandscapeLeft UIInterfaceOrientationLandscapeRight";
				INFOPLIST_KEY_UISupportedInterfaceOrientations_iPhone = "UIInterfaceOrientationPortrait UIInterfaceOrientationLandscapeLeft UIInterfaceOrientationLandscapeRight";
				LD_RUNPATH_SEARCH_PATHS = (
					"$(inherited)",
					"@executable_path/Frameworks",
				);
				MARKETING_VERSION = 1.0;
				PRODUCT_BUNDLE_IDENTIFIER = co.redouanejnah.GymShark;
				PRODUCT_NAME = "$(TARGET_NAME)";
				SWIFT_EMIT_LOC_STRINGS = YES;
				SWIFT_VERSION = 5.0;
				TARGETED_DEVICE_FAMILY = "1,2";
			};
			name = Release;
		};
/* End XCBuildConfiguration section */

/* Begin XCConfigurationList section */
		93FED3032C1F86340041146B /* Build configuration list for PBXProject "GymShark" */ = {
			isa = XCConfigurationList;
			buildConfigurations = (
				93FED3142C1F86370041146B /* Debug */,
				93FED3152C1F86370041146B /* Release */,
			);
			defaultConfigurationIsVisible = 0;
			defaultConfigurationName = Release;
		};
		93FED3162C1F86370041146B /* Build configuration list for PBXNativeTarget "GymShark" */ = {
			isa = XCConfigurationList;
			buildConfigurations = (
				93FED3172C1F86370041146B /* Debug */,
				93FED3182C1F86370041146B /* Release */,
			);
			defaultConfigurationIsVisible = 0;
			defaultConfigurationName = Release;
		};
/* End XCConfigurationList section */
	};
	rootObject = 93FED3002C1F86340041146B /* Project object */;
}
